
Microsoft Visual Studio Solution File, Format Version 12.00
# Visual Studio Version 16
VisualStudioVersion = 16.0.32929.386
MinimumVisualStudioVersion = 10.0.40219.1
Project("{FAE04EC0-301F-11D3-BF4B-00C04F79EFBC}") = "Task1", "Task1\Task1.csproj", "{1DB12130-70AC-414B-A523-D796080253B7}"
EndProject
Project("{FAE04EC0-301F-11D3-BF4B-00C04F79EFBC}") = "Task2", "Task2\Task2.csproj", "{B7EB2737-CD2D-4BBE-BEA4-27D87A1FFB3B}"
EndProject
Global
	GlobalSection(SolutionConfigurationPlatforms) = preSolution
		Debug|Any CPU = Debug|Any CPU
		Release|Any CPU = Release|Any CPU
	EndGlobalSection
	GlobalSection(ProjectConfigurationPlatforms) = postSolution
		{1DB12130-70AC-414B-A523-D796080253B7}.Debug|Any CPU.ActiveCfg = Debug|Any CPU
		{1DB12130-70AC-414B-A523-D796080253B7}.Debug|Any CPU.Build.0 = Debug|Any CPU
		{1DB12130-70AC-414B-A523-D796080253B7}.Release|Any CPU.ActiveCfg = Release|Any CPU
		{1DB12130-70AC-414B-A523-D796080253B7}.Release|Any CPU.Build.0 = Release|Any CPU
		{B7EB2737-CD2D-4BBE-BEA4-27D87A1FFB3B}.Debug|Any CPU.ActiveCfg = Debug|Any CPU
		{B7EB2737-CD2D-4BBE-BEA4-27D87A1FFB3B}.Debug|Any CPU.Build.0 = Debug|Any CPU
		{B7EB2737-CD2D-4BBE-BEA4-27D87A1FFB3B}.Release|Any CPU.ActiveCfg = Release|Any CPU
		{B7EB2737-CD2D-4BBE-BEA4-27D87A1FFB3B}.Release|Any CPU.Build.0 = Release|Any CPU
	EndGlobalSection
	GlobalSection(SolutionProperties) = preSolution
		HideSolutionNode = FALSE
	EndGlobalSection
	GlobalSection(ExtensibilityGlobals) = postSolution
		SolutionGuid = {F253EB0D-F32A-41C5-A454-CA22082DB3AA}
	EndGlobalSection
EndGlobal
